
Microsoft Visual Studio Solution File, Format Version 12.00
# Visual Studio Version 17
VisualStudioVersion = 17.8.34525.116
MinimumVisualStudioVersion = 10.0.40219.1
Project("{2150E333-8FDC-42A3-9474-1A3956D46DE8}") = "src", "src", "{5D6DC3A4-2019-4E94-B9FB-5E850A8CE978}"
EndProject
Project("{9A19103F-16F7-4668-BE54-9A1E7A4F7556}") = "MultiTenantJobTracking.Entities", "src\Entities\MultiTenantJobTracking.Entities\MultiTenantJobTracking.Entities.csproj", "{93606BF2-C21B-4008-9393-4DCBAFB65FC5}"
EndProject
Project("{9A19103F-16F7-4668-BE54-9A1E7A4F7556}") = "MultiTenantJobTracking.DataAccess", "src\DataAccess\MultiTenantJobTracking.DataAccess\MultiTenantJobTracking.DataAccess.csproj", "{E0C8D393-4B98-4CAA-84A3-A4E0799A1BEB}"
EndProject
Project("{9A19103F-16F7-4668-BE54-9A1E7A4F7556}") = "MultiTenantJobTracking.WebApi", "src\WebApi\MultiTenantJobTracking.WebApi\MultiTenantJobTracking.WebApi.csproj", "{D3EE2A7C-6CAC-4DE6-BFBF-FCA982B38EFB}"
EndProject
Project("{9A19103F-16F7-4668-BE54-9A1E7A4F7556}") = "MultiTenantJobTracking.Common", "src\Common\MultiTenantJobTracking.Common\MultiTenantJobTracking.Common.csproj", "{34055615-C680-4F8D-A47E-BFF2D0A64228}"
EndProject
Project("{9A19103F-16F7-4668-BE54-9A1E7A4F7556}") = "MultiTenantJobTracking.Business", "src\Business\MultiTenantJobTracking.Business\MultiTenantJobTracking.Business.csproj", "{40518636-15FB-430D-AB4A-CAA649A96BF2}"
EndProject
Project("{9A19103F-16F7-4668-BE54-9A1E7A4F7556}") = "MultiTenantJobTracking.Client", "src\Client\MultiTenantJobTracking.Client\MultiTenantJobTracking.Client.csproj", "{6CA62EED-8E54-4FB5-90AE-02ACDB9DE4AB}"
EndProject
Project("{E53339B2-1760-4266-BCC7-CA923CBCF16C}") = "docker-compose", "docker-compose.dcproj", "{44C2BA67-2E06-4D71-8B37-87D0EE709BC8}"
EndProject
Global
	GlobalSection(SolutionConfigurationPlatforms) = preSolution
		Debug|Any CPU = Debug|Any CPU
		Release|Any CPU = Release|Any CPU
	EndGlobalSection
	GlobalSection(ProjectConfigurationPlatforms) = postSolution
		{93606BF2-C21B-4008-9393-4DCBAFB65FC5}.Debug|Any CPU.ActiveCfg = Debug|Any CPU
		{93606BF2-C21B-4008-9393-4DCBAFB65FC5}.Debug|Any CPU.Build.0 = Debug|Any CPU
		{93606BF2-C21B-4008-9393-4DCBAFB65FC5}.Release|Any CPU.ActiveCfg = Release|Any CPU
		{93606BF2-C21B-4008-9393-4DCBAFB65FC5}.Release|Any CPU.Build.0 = Release|Any CPU
		{E0C8D393-4B98-4CAA-84A3-A4E0799A1BEB}.Debug|Any CPU.ActiveCfg = Debug|Any CPU
		{E0C8D393-4B98-4CAA-84A3-A4E0799A1BEB}.Debug|Any CPU.Build.0 = Debug|Any CPU
		{E0C8D393-4B98-4CAA-84A3-A4E0799A1BEB}.Release|Any CPU.ActiveCfg = Release|Any CPU
		{E0C8D393-4B98-4CAA-84A3-A4E0799A1BEB}.Release|Any CPU.Build.0 = Release|Any CPU
		{D3EE2A7C-6CAC-4DE6-BFBF-FCA982B38EFB}.Debug|Any CPU.ActiveCfg = Debug|Any CPU
		{D3EE2A7C-6CAC-4DE6-BFBF-FCA982B38EFB}.Debug|Any CPU.Build.0 = Debug|Any CPU
		{D3EE2A7C-6CAC-4DE6-BFBF-FCA982B38EFB}.Release|Any CPU.ActiveCfg = Release|Any CPU
		{D3EE2A7C-6CAC-4DE6-BFBF-FCA982B38EFB}.Release|Any CPU.Build.0 = Release|Any CPU
		{34055615-C680-4F8D-A47E-BFF2D0A64228}.Debug|Any CPU.ActiveCfg = Debug|Any CPU
		{34055615-C680-4F8D-A47E-BFF2D0A64228}.Debug|Any CPU.Build.0 = Debug|Any CPU
		{34055615-C680-4F8D-A47E-BFF2D0A64228}.Release|Any CPU.ActiveCfg = Release|Any CPU
		{34055615-C680-4F8D-A47E-BFF2D0A64228}.Release|Any CPU.Build.0 = Release|Any CPU
		{40518636-15FB-430D-AB4A-CAA649A96BF2}.Debug|Any CPU.ActiveCfg = Debug|Any CPU
		{40518636-15FB-430D-AB4A-CAA649A96BF2}.Debug|Any CPU.Build.0 = Debug|Any CPU
		{40518636-15FB-430D-AB4A-CAA649A96BF2}.Release|Any CPU.ActiveCfg = Release|Any CPU
		{40518636-15FB-430D-AB4A-CAA649A96BF2}.Release|Any CPU.Build.0 = Release|Any CPU
		{6CA62EED-8E54-4FB5-90AE-02ACDB9DE4AB}.Debug|Any CPU.ActiveCfg = Debug|Any CPU
		{6CA62EED-8E54-4FB5-90AE-02ACDB9DE4AB}.Debug|Any CPU.Build.0 = Debug|Any CPU
		{6CA62EED-8E54-4FB5-90AE-02ACDB9DE4AB}.Release|Any CPU.ActiveCfg = Release|Any CPU
		{6CA62EED-8E54-4FB5-90AE-02ACDB9DE4AB}.Release|Any CPU.Build.0 = Release|Any CPU
		{44C2BA67-2E06-4D71-8B37-87D0EE709BC8}.Debug|Any CPU.ActiveCfg = Debug|Any CPU
		{44C2BA67-2E06-4D71-8B37-87D0EE709BC8}.Debug|Any CPU.Build.0 = Debug|Any CPU
		{44C2BA67-2E06-4D71-8B37-87D0EE709BC8}.Release|Any CPU.ActiveCfg = Release|Any CPU
		{44C2BA67-2E06-4D71-8B37-87D0EE709BC8}.Release|Any CPU.Build.0 = Release|Any CPU
	EndGlobalSection
	GlobalSection(SolutionProperties) = preSolution
		HideSolutionNode = FALSE
	EndGlobalSection
	GlobalSection(NestedProjects) = preSolution
		{93606BF2-C21B-4008-9393-4DCBAFB65FC5} = {5D6DC3A4-2019-4E94-B9FB-5E850A8CE978}
		{E0C8D393-4B98-4CAA-84A3-A4E0799A1BEB} = {5D6DC3A4-2019-4E94-B9FB-5E850A8CE978}
		{D3EE2A7C-6CAC-4DE6-BFBF-FCA982B38EFB} = {5D6DC3A4-2019-4E94-B9FB-5E850A8CE978}
		{34055615-C680-4F8D-A47E-BFF2D0A64228} = {5D6DC3A4-2019-4E94-B9FB-5E850A8CE978}
		{40518636-15FB-430D-AB4A-CAA649A96BF2} = {5D6DC3A4-2019-4E94-B9FB-5E850A8CE978}
		{6CA62EED-8E54-4FB5-90AE-02ACDB9DE4AB} = {5D6DC3A4-2019-4E94-B9FB-5E850A8CE978}
	EndGlobalSection
	GlobalSection(ExtensibilityGlobals) = postSolution
		SolutionGuid = {159DF989-20C0-4638-86B9-81FEF5612BD8}
	EndGlobalSection
EndGlobal
